
Microsoft Visual Studio Solution File, Format Version 12.00
# Visual Studio Version 17
VisualStudioVersion = 17.14.37301.10 d17.14
MinimumVisualStudioVersion = 10.0.40219.1
Project("{FAE04EC0-301F-11D3-BF4B-00C04F79EFBC}") = "Nix", "Nix.csproj", "{AA95BFF0-9A25-44CD-B105-2ADD8E7A5F8B}"
EndProject
Global
	GlobalSection(SolutionConfigurationPlatforms) = preSolution
		Debug|Any CPU = Debug|Any CPU
		Release|Any CPU = Release|Any CPU
	EndGlobalSection
	GlobalSection(ProjectConfigurationPlatforms) = postSolution
		{AA95BFF0-9A25-44CD-B105-2ADD8E7A5F8B}.Debug|Any CPU.ActiveCfg = Debug|Any CPU
		{AA95BFF0-9A25-44CD-B105-2ADD8E7A5F8B}.Debug|Any CPU.Build.0 = Debug|Any CPU
		{AA95BFF0-9A25-44CD-B105-2ADD8E7A5F8B}.Release|Any CPU.ActiveCfg = Release|Any CPU
		{AA95BFF0-9A25-44CD-B105-2ADD8E7A5F8B}.Release|Any CPU.Build.0 = Release|Any CPU
	EndGlobalSection
	GlobalSection(SolutionProperties) = preSolution
		HideSolutionNode = FALSE
	EndGlobalSection
	GlobalSection(ExtensibilityGlobals) = postSolution
		SolutionGuid = {1BD2B417-A95D-49C1-924E-A7A57DB6B895}
	EndGlobalSection
EndGlobal
