
Microsoft Visual Studio Solution File, Format Version 12.00
# Visual Studio Version 17
VisualStudioVersion = 17.14.37301.10 d17.14
MinimumVisualStudioVersion = 10.0.40219.1
Project("{FAE04EC0-301F-11D3-BF4B-00C04F79EFBC}") = "EatryCafe", "EatryCafe.csproj", "{EBE752E7-36FA-4382-83D2-11D503A30D62}"
EndProject
Global
	GlobalSection(SolutionConfigurationPlatforms) = preSolution
		Debug|Any CPU = Debug|Any CPU
		Release|Any CPU = Release|Any CPU
	EndGlobalSection
	GlobalSection(ProjectConfigurationPlatforms) = postSolution
		{EBE752E7-36FA-4382-83D2-11D503A30D62}.Debug|Any CPU.ActiveCfg = Debug|Any CPU
		{EBE752E7-36FA-4382-83D2-11D503A30D62}.Debug|Any CPU.Build.0 = Debug|Any CPU
		{EBE752E7-36FA-4382-83D2-11D503A30D62}.Release|Any CPU.ActiveCfg = Release|Any CPU
		{EBE752E7-36FA-4382-83D2-11D503A30D62}.Release|Any CPU.Build.0 = Release|Any CPU
	EndGlobalSection
	GlobalSection(SolutionProperties) = preSolution
		HideSolutionNode = FALSE
	EndGlobalSection
	GlobalSection(ExtensibilityGlobals) = postSolution
		SolutionGuid = {33B25BC5-DAE3-41AF-84A1-AF0AA55C03A5}
	EndGlobalSection
EndGlobal
